speakeasyVersion: 1.430.0
sources:
    exfunc-OAS:
        sourceNamespace: exfunc-oas
        sourceRevisionDigest: sha256:a3fc4833f4440b5f2791b34a734da4eea3f8d89929ede8dad918a13674016aea
        sourceBlobDigest: sha256:f5dc72b5170392af7f0a5d4598fd7d6fb50bc23316a99cbaefc2218270c2950b
        tags:
            - latest
targets:
    exfunc:
        source: exfunc-OAS
        sourceNamespace: exfunc-oas
        sourceRevisionDigest: sha256:a3fc4833f4440b5f2791b34a734da4eea3f8d89929ede8dad918a13674016aea
        sourceBlobDigest: sha256:f5dc72b5170392af7f0a5d4598fd7d6fb50bc23316a99cbaefc2218270c2950b
workflow:
    workflowVersion: 1.0.0
    speakeasyVersion: latest
    sources:
        exfunc-OAS:
            inputs:
                - location: ./spec/exfunc_v1_openapi_spec.json
            overlays:
                - location: .speakeasy/speakeasy-modifications-overlay.yaml
            registry:
                location: registry.speakeasyapi.dev/nunchi-4op/nunchi/exfunc-oas
    targets:
        exfunc:
            target: typescript
            source: exfunc-OAS
            publish:
                npm:
                    token: $npm_token
