speakeasyVersion: 1.425.1
sources:
    exfunc-OAS:
        sourceNamespace: exfunc-oas
        sourceRevisionDigest: sha256:8de2011d4ecfa9c385a83ead520988094ed7bb057fcec70ebab05e6d46b5fd6d
        sourceBlobDigest: sha256:faa5da26ef150aca953aa6d973e119092419542080bd82f8eade29af64b2f331
        tags:
            - latest
targets:
    exfunc:
        source: exfunc-OAS
        sourceNamespace: exfunc-oas
        sourceRevisionDigest: sha256:8de2011d4ecfa9c385a83ead520988094ed7bb057fcec70ebab05e6d46b5fd6d
        sourceBlobDigest: sha256:faa5da26ef150aca953aa6d973e119092419542080bd82f8eade29af64b2f331
workflow:
    workflowVersion: 1.0.0
    speakeasyVersion: latest
    sources:
        exfunc-OAS:
            inputs:
                - location: ./spec/exfunc_v1_openapi_spec.json
            overlays:
                - location: .speakeasy/speakeasy-modifications-overlay.yaml
            registry:
                location: registry.speakeasyapi.dev/nunchi-4op/nunchi/exfunc-oas
    targets:
        exfunc:
            target: typescript
            source: exfunc-OAS
            publish:
                npm:
                    token: $npm_token
