speakeasyVersion: 1.440.1
sources:
    exfunc-OAS:
        sourceNamespace: exfunc-oas
        sourceRevisionDigest: sha256:46818ba0feeec35bcf8f3fc969a496efe88046a3210a643f1f62edfce431f140
        sourceBlobDigest: sha256:ce458299fdeaa64f222a0749fb0d8bd55a8cde59efd65076bc3a606990eabb7f
        tags:
            - latest
targets:
    exfunc:
        source: exfunc-OAS
        sourceNamespace: exfunc-oas
        sourceRevisionDigest: sha256:46818ba0feeec35bcf8f3fc969a496efe88046a3210a643f1f62edfce431f140
        sourceBlobDigest: sha256:ce458299fdeaa64f222a0749fb0d8bd55a8cde59efd65076bc3a606990eabb7f
workflow:
    workflowVersion: 1.0.0
    speakeasyVersion: latest
    sources:
        exfunc-OAS:
            inputs:
                - location: ./spec/exfunc_v1_openapi_spec.json
            overlays:
                - location: .speakeasy/speakeasy-modifications-overlay.yaml
            registry:
                location: registry.speakeasyapi.dev/nunchi-4op/nunchi/exfunc-oas
    targets:
        exfunc:
            target: typescript
            source: exfunc-OAS
            publish:
                npm:
                    token: $npm_token
